
Microsoft Visual Studio Solution File, Format Version 12.00
# Visual Studio Version 16
VisualStudioVersion = 16.0.30104.148
MinimumVisualStudioVersion = 10.0.40219.1
Project("{FAE04EC0-301F-11D3-BF4B-00C04F79EFBC}") = "Milestone_Two", "Milestone_Two\Milestone_Two.csproj", "{18D0C044-863A-46EA-811D-7B8F3CF080C1}"
EndProject
Global
	GlobalSection(SolutionConfigurationPlatforms) = preSolution
		Debug|Any CPU = Debug|Any CPU
		Release|Any CPU = Release|Any CPU
	EndGlobalSection
	GlobalSection(ProjectConfigurationPlatforms) = postSolution
		{18D0C044-863A-46EA-811D-7B8F3CF080C1}.Debug|Any CPU.ActiveCfg = Debug|Any CPU
		{18D0C044-863A-46EA-811D-7B8F3CF080C1}.Debug|Any CPU.Build.0 = Debug|Any CPU
		{18D0C044-863A-46EA-811D-7B8F3CF080C1}.Release|Any CPU.ActiveCfg = Release|Any CPU
		{18D0C044-863A-46EA-811D-7B8F3CF080C1}.Release|Any CPU.Build.0 = Release|Any CPU
	EndGlobalSection
	GlobalSection(SolutionProperties) = preSolution
		HideSolutionNode = FALSE
	EndGlobalSection
	GlobalSection(ExtensibilityGlobals) = postSolution
		SolutionGuid = {3C3A3096-5694-48F1-B3B7-022809281D8F}
	EndGlobalSection
EndGlobal
